
Microsoft Visual Studio Solution File, Format Version 12.00
# Visual Studio Version 16
VisualStudioVersion = 16.0.30320.27
MinimumVisualStudioVersion = 10.0.40219.1
Project("{FAE04EC0-301F-11D3-BF4B-00C04F79EFBC}") = "Strategy", "Strategy\Strategy.csproj", "{2FCF5C9C-DCD6-44C5-B234-1BB7C039B003}"
EndProject
Global
	GlobalSection(SolutionConfigurationPlatforms) = preSolution
		Debug|Any CPU = Debug|Any CPU
		Release|Any CPU = Release|Any CPU
	EndGlobalSection
	GlobalSection(ProjectConfigurationPlatforms) = postSolution
		{2FCF5C9C-DCD6-44C5-B234-1BB7C039B003}.Debug|Any CPU.ActiveCfg = Debug|Any CPU
		{2FCF5C9C-DCD6-44C5-B234-1BB7C039B003}.Debug|Any CPU.Build.0 = Debug|Any CPU
		{2FCF5C9C-DCD6-44C5-B234-1BB7C039B003}.Release|Any CPU.ActiveCfg = Release|Any CPU
		{2FCF5C9C-DCD6-44C5-B234-1BB7C039B003}.Release|Any CPU.Build.0 = Release|Any CPU
	EndGlobalSection
	GlobalSection(SolutionProperties) = preSolution
		HideSolutionNode = FALSE
	EndGlobalSection
	GlobalSection(ExtensibilityGlobals) = postSolution
		SolutionGuid = {65D034E0-657C-465A-86A2-756CCE9484BB}
	EndGlobalSection
EndGlobal
